
Microsoft Visual Studio Solution File, Format Version 12.00
# Visual Studio 15
VisualStudioVersion = 15.0.28010.2026
MinimumVisualStudioVersion = 10.0.40219.1
Project("{FAE04EC0-301F-11D3-BF4B-00C04F79EFBC}") = "AnalysisCode", "AnalysisCode\AnalysisCode.csproj", "{DBFBBD77-BB87-4899-A12B-F45E57069501}"
EndProject
Project("{FAE04EC0-301F-11D3-BF4B-00C04F79EFBC}") = "DataBasesUtil", "DataBasesUtil\DataBasesUtil.csproj", "{8119AF7F-AAD3-470D-BBE7-D848FFC2DE6A}"
EndProject
Project("{FAE04EC0-301F-11D3-BF4B-00C04F79EFBC}") = "Service", "Service\Service.csproj", "{EDBCA987-52EB-4B2C-94D7-044BCE8A121B}"
EndProject
Project("{FAE04EC0-301F-11D3-BF4B-00C04F79EFBC}") = "Client", "Client\Client.csproj", "{8B0E0E6C-6C62-4DDF-A5D8-CC0E2FA6F7DC}"
	ProjectSection(ProjectDependencies) = postProject
		{EDBCA987-52EB-4B2C-94D7-044BCE8A121B} = {EDBCA987-52EB-4B2C-94D7-044BCE8A121B}
	EndProjectSection
EndProject
Project("{FAE04EC0-301F-11D3-BF4B-00C04F79EFBC}") = "DetailsAnalysis", "DetailsAnalysis\DetailsAnalysis.csproj", "{E42784B9-A44A-42A0-B035-7466DE2A40D4}"
EndProject
Global
	GlobalSection(SolutionConfigurationPlatforms) = preSolution
		Debug|Any CPU = Debug|Any CPU
		Release|Any CPU = Release|Any CPU
	EndGlobalSection
	GlobalSection(ProjectConfigurationPlatforms) = postSolution
		{DBFBBD77-BB87-4899-A12B-F45E57069501}.Debug|Any CPU.ActiveCfg = Debug|Any CPU
		{DBFBBD77-BB87-4899-A12B-F45E57069501}.Debug|Any CPU.Build.0 = Debug|Any CPU
		{DBFBBD77-BB87-4899-A12B-F45E57069501}.Release|Any CPU.ActiveCfg = Release|Any CPU
		{DBFBBD77-BB87-4899-A12B-F45E57069501}.Release|Any CPU.Build.0 = Release|Any CPU
		{8119AF7F-AAD3-470D-BBE7-D848FFC2DE6A}.Debug|Any CPU.ActiveCfg = Debug|Any CPU
		{8119AF7F-AAD3-470D-BBE7-D848FFC2DE6A}.Debug|Any CPU.Build.0 = Debug|Any CPU
		{8119AF7F-AAD3-470D-BBE7-D848FFC2DE6A}.Release|Any CPU.ActiveCfg = Release|Any CPU
		{8119AF7F-AAD3-470D-BBE7-D848FFC2DE6A}.Release|Any CPU.Build.0 = Release|Any CPU
		{EDBCA987-52EB-4B2C-94D7-044BCE8A121B}.Debug|Any CPU.ActiveCfg = Debug|Any CPU
		{EDBCA987-52EB-4B2C-94D7-044BCE8A121B}.Debug|Any CPU.Build.0 = Debug|Any CPU
		{EDBCA987-52EB-4B2C-94D7-044BCE8A121B}.Release|Any CPU.ActiveCfg = Release|Any CPU
		{EDBCA987-52EB-4B2C-94D7-044BCE8A121B}.Release|Any CPU.Build.0 = Release|Any CPU
		{8B0E0E6C-6C62-4DDF-A5D8-CC0E2FA6F7DC}.Debug|Any CPU.ActiveCfg = Debug|Any CPU
		{8B0E0E6C-6C62-4DDF-A5D8-CC0E2FA6F7DC}.Debug|Any CPU.Build.0 = Debug|Any CPU
		{8B0E0E6C-6C62-4DDF-A5D8-CC0E2FA6F7DC}.Release|Any CPU.ActiveCfg = Release|Any CPU
		{8B0E0E6C-6C62-4DDF-A5D8-CC0E2FA6F7DC}.Release|Any CPU.Build.0 = Release|Any CPU
		{E42784B9-A44A-42A0-B035-7466DE2A40D4}.Debug|Any CPU.ActiveCfg = Debug|Any CPU
		{E42784B9-A44A-42A0-B035-7466DE2A40D4}.Debug|Any CPU.Build.0 = Debug|Any CPU
		{E42784B9-A44A-42A0-B035-7466DE2A40D4}.Release|Any CPU.ActiveCfg = Release|Any CPU
		{E42784B9-A44A-42A0-B035-7466DE2A40D4}.Release|Any CPU.Build.0 = Release|Any CPU
	EndGlobalSection
	GlobalSection(SolutionProperties) = preSolution
		HideSolutionNode = FALSE
	EndGlobalSection
	GlobalSection(ExtensibilityGlobals) = postSolution
		SolutionGuid = {C008A566-F574-467E-BA4A-593D4EB163D7}
	EndGlobalSection
EndGlobal
