
Microsoft Visual Studio Solution File, Format Version 12.00
# Visual Studio 15
VisualStudioVersion = 15.0.27703.2035
MinimumVisualStudioVersion = 10.0.40219.1
Project("{FAE04EC0-301F-11D3-BF4B-00C04F79EFBC}") = "TempleteAlgorithm", "TempleteAlgorithm\TempleteAlgorithm.csproj", "{DD500B7D-FCEB-45DF-9110-A3B69D6260CE}"
EndProject
Global
	GlobalSection(SolutionConfigurationPlatforms) = preSolution
		Debug|Any CPU = Debug|Any CPU
		Release|Any CPU = Release|Any CPU
	EndGlobalSection
	GlobalSection(ProjectConfigurationPlatforms) = postSolution
		{DD500B7D-FCEB-45DF-9110-A3B69D6260CE}.Debug|Any CPU.ActiveCfg = Debug|Any CPU
		{DD500B7D-FCEB-45DF-9110-A3B69D6260CE}.Debug|Any CPU.Build.0 = Debug|Any CPU
		{DD500B7D-FCEB-45DF-9110-A3B69D6260CE}.Release|Any CPU.ActiveCfg = Release|Any CPU
		{DD500B7D-FCEB-45DF-9110-A3B69D6260CE}.Release|Any CPU.Build.0 = Release|Any CPU
	EndGlobalSection
	GlobalSection(SolutionProperties) = preSolution
		HideSolutionNode = FALSE
	EndGlobalSection
	GlobalSection(ExtensibilityGlobals) = postSolution
		SolutionGuid = {CDF8C5B0-48A1-4CA0-B323-1935D9468F2D}
	EndGlobalSection
EndGlobal
